// !$*UTF8*$!
{
	archiveVersion = 1;
	classes = {
	};
	objectVersion = 46;
	objects = {

/* Begin PBXBuildFile section */
		425186E42093AEFE4ABD5010 /* libPods.a in Frameworks */ = {isa = PBXBuildFile; fileRef = 01BABAE3A0E5597BEDA0F29E /* libPods.a */; };
		704953501B78B0C500815819 /* HomeViewController.m in Sources */ = {isa = PBXBuildFile; fileRef = 7049534F1B78B0C500815819 /* HomeViewController.m */; };
		704953541B78B2AE00815819 /* WebFSManager.m in Sources */ = {isa = PBXBuildFile; fileRef = 704953531B78B2AE00815819 /* WebFSManager.m */; };
		704977461B78EC4500B49E33 /* MeterTable.mm in Sources */ = {isa = PBXBuildFile; fileRef = 704977441B78EC4500B49E33 /* MeterTable.mm */; };
		7049775C1B79029200B49E33 /* NSMutableArray+STKAudioPlayer.m in Sources */ = {isa = PBXBuildFile; fileRef = 7049774A1B79029200B49E33 /* NSMutableArray+STKAudioPlayer.m */; };
		7049775D1B79029200B49E33 /* STKAudioPlayer.m in Sources */ = {isa = PBXBuildFile; fileRef = 7049774C1B79029200B49E33 /* STKAudioPlayer.m */; };
		7049775E1B79029200B49E33 /* STKAutoRecoveringHTTPDataSource.m in Sources */ = {isa = PBXBuildFile; fileRef = 7049774E1B79029200B49E33 /* STKAutoRecoveringHTTPDataSource.m */; };
		7049775F1B79029200B49E33 /* STKCoreFoundationDataSource.m in Sources */ = {isa = PBXBuildFile; fileRef = 704977501B79029200B49E33 /* STKCoreFoundationDataSource.m */; };
		704977601B79029200B49E33 /* STKDataSource.m in Sources */ = {isa = PBXBuildFile; fileRef = 704977521B79029200B49E33 /* STKDataSource.m */; };
		704977611B79029200B49E33 /* STKDataSourceWrapper.m in Sources */ = {isa = PBXBuildFile; fileRef = 704977541B79029200B49E33 /* STKDataSourceWrapper.m */; };
		704977621B79029200B49E33 /* STKHTTPDataSource.m in Sources */ = {isa = PBXBuildFile; fileRef = 704977561B79029200B49E33 /* STKHTTPDataSource.m */; };
		704977631B79029200B49E33 /* STKLocalFileDataSource.m in Sources */ = {isa = PBXBuildFile; fileRef = 704977581B79029200B49E33 /* STKLocalFileDataSource.m */; };
		704977641B79029200B49E33 /* STKQueueEntry.m in Sources */ = {isa = PBXBuildFile; fileRef = 7049775A1B79029200B49E33 /* STKQueueEntry.m */; };
		70DC576A1B78AD6F00A914B7 /* main.m in Sources */ = {isa = PBXBuildFile; fileRef = 70DC57691B78AD6F00A914B7 /* main.m */; };
		70DC576D1B78AD6F00A914B7 /* AppDelegate.m in Sources */ = {isa = PBXBuildFile; fileRef = 70DC576C1B78AD6F00A914B7 /* AppDelegate.m */; };
		70DC57751B78AD6F00A914B7 /* Images.xcassets in Resources */ = {isa = PBXBuildFile; fileRef = 70DC57741B78AD6F00A914B7 /* Images.xcassets */; };
		70DC57841B78AD6F00A914B7 /* WebFS_ManagerTests.m in Sources */ = {isa = PBXBuildFile; fileRef = 70DC57831B78AD6F00A914B7 /* WebFS_ManagerTests.m */; };
		70E7916E1B78C54B00BB4896 /* ItemTableViewCell.m in Sources */ = {isa = PBXBuildFile; fileRef = 70E7916D1B78C54B00BB4896 /* ItemTableViewCell.m */; };
		70E791711B78C85400BB4896 /* ContentViewController.m in Sources */ = {isa = PBXBuildFile; fileRef = 70E791701B78C85400BB4896 /* ContentViewController.m */; };
		70E791791B78E36600BB4896 /* QuartzCore.framework in Frameworks */ = {isa = PBXBuildFile; fileRef = 70E791781B78E36600BB4896 /* QuartzCore.framework */; };
		70E7917B1B78E37900BB4896 /* AVFoundation.framework in Frameworks */ = {isa = PBXBuildFile; fileRef = 70E7917A1B78E37900BB4896 /* AVFoundation.framework */; };
		70E7917D1B78E38400BB4896 /* MediaPlayer.framework in Frameworks */ = {isa = PBXBuildFile; fileRef = 70E7917C1B78E38400BB4896 /* MediaPlayer.framework */; };
		70E7917F1B78E38B00BB4896 /* CoreGraphics.framework in Frameworks */ = {isa = PBXBuildFile; fileRef = 70E7917E1B78E38B00BB4896 /* CoreGraphics.framework */; };
		70E791821B78E59300BB4896 /* MusicPlayerViewController.mm in Sources */ = {isa = PBXBuildFile; fileRef = 70E791811B78E59300BB4896 /* MusicPlayerViewController.mm */; };
		70E791851B78E5B700BB4896 /* VisualizerView.mm in Sources */ = {isa = PBXBuildFile; fileRef = 70E791841B78E5B700BB4896 /* VisualizerView.mm */; };
		70E791871B78E5D000BB4896 /* halo.png in Resources */ = {isa = PBXBuildFile; fileRef = 70E791861B78E5D000BB4896 /* halo.png */; };
		70E791891B78E89000BB4896 /* libc++.dylib in Frameworks */ = {isa = PBXBuildFile; fileRef = 70E791881B78E89000BB4896 /* libc++.dylib */; };
/* End PBXBuildFile section */

/* Begin PBXContainerItemProxy section */
		70DC577E1B78AD6F00A914B7 /* PBXContainerItemProxy */ = {
			isa = PBXContainerItemProxy;
			containerPortal = 70DC575C1B78AD6F00A914B7 /* Project object */;
			proxyType = 1;
			remoteGlobalIDString = 70DC57631B78AD6F00A914B7;
			remoteInfo = "WebFS Manager";
		};
/* End PBXContainerItemProxy section */

/* Begin PBXFileReference section */
		01BABAE3A0E5597BEDA0F29E /* libPods.a */ = {isa = PBXFileReference; explicitFileType = archive.ar; includeInIndex = 0; path = libPods.a; sourceTree = BUILT_PRODUCTS_DIR; };
		655E93AE9EAC6E77907F8688 /* Pods.release.xcconfig */ = {isa = PBXFileReference; includeInIndex = 1; lastKnownFileType = text.xcconfig; name = Pods.release.xcconfig; path = "Pods/Target Support Files/Pods/Pods.release.xcconfig"; sourceTree = "<group>"; };
		7049534E1B78B0C500815819 /* HomeViewController.h */ = {isa = PBXFileReference; fileEncoding = 4; lastKnownFileType = sourcecode.c.h; path = HomeViewController.h; sourceTree = "<group>"; };
		7049534F1B78B0C500815819 /* HomeViewController.m */ = {isa = PBXFileReference; fileEncoding = 4; lastKnownFileType = sourcecode.c.objc; path = HomeViewController.m; sourceTree = "<group>"; };
		704953511B78B18B00815819 /* WebFS-Manager-Prefix.pch */ = {isa = PBXFileReference; lastKnownFileType = sourcecode.c.h; path = "WebFS-Manager-Prefix.pch"; sourceTree = "<group>"; };
		704953521B78B2AE00815819 /* WebFSManager.h */ = {isa = PBXFileReference; fileEncoding = 4; lastKnownFileType = sourcecode.c.h; path = WebFSManager.h; sourceTree = "<group>"; };
		704953531B78B2AE00815819 /* WebFSManager.m */ = {isa = PBXFileReference; fileEncoding = 4; lastKnownFileType = sourcecode.c.objc; path = WebFSManager.m; sourceTree = "<group>"; };
		704977441B78EC4500B49E33 /* MeterTable.mm */ = {isa = PBXFileReference; fileEncoding = 4; lastKnownFileType = sourcecode.cpp.objcpp; path = MeterTable.mm; sourceTree = "<group>"; };
		704977451B78EC4500B49E33 /* MeterTable.h */ = {isa = PBXFileReference; fileEncoding = 4; lastKnownFileType = sourcecode.c.h; path = MeterTable.h; sourceTree = "<group>"; };
		704977491B79029200B49E33 /* NSMutableArray+STKAudioPlayer.h */ = {isa = PBXFileReference; fileEncoding = 4; lastKnownFileType = sourcecode.c.h; path = "NSMutableArray+STKAudioPlayer.h"; sourceTree = "<group>"; };
		7049774A1B79029200B49E33 /* NSMutableArray+STKAudioPlayer.m */ = {isa = PBXFileReference; fileEncoding = 4; lastKnownFileType = sourcecode.c.objc; path = "NSMutableArray+STKAudioPlayer.m"; sourceTree = "<group>"; };
		7049774B1B79029200B49E33 /* STKAudioPlayer.h */ = {isa = PBXFileReference; fileEncoding = 4; lastKnownFileType = sourcecode.c.h; path = STKAudioPlayer.h; sourceTree = "<group>"; };
		7049774C1B79029200B49E33 /* STKAudioPlayer.m */ = {isa = PBXFileReference; fileEncoding = 4; lastKnownFileType = sourcecode.c.objc; path = STKAudioPlayer.m; sourceTree = "<group>"; };
		7049774D1B79029200B49E33 /* STKAutoRecoveringHTTPDataSource.h */ = {isa = PBXFileReference; fileEncoding = 4; lastKnownFileType = sourcecode.c.h; path = STKAutoRecoveringHTTPDataSource.h; sourceTree = "<group>"; };
		7049774E1B79029200B49E33 /* STKAutoRecoveringHTTPDataSource.m */ = {isa = PBXFileReference; fileEncoding = 4; lastKnownFileType = sourcecode.c.objc; path = STKAutoRecoveringHTTPDataSource.m; sourceTree = "<group>"; };
		7049774F1B79029200B49E33 /* STKCoreFoundationDataSource.h */ = {isa = PBXFileReference; fileEncoding = 4; lastKnownFileType = sourcecode.c.h; path = STKCoreFoundationDataSource.h; sourceTree = "<group>"; };
		704977501B79029200B49E33 /* STKCoreFoundationDataSource.m */ = {isa = PBXFileReference; fileEncoding = 4; lastKnownFileType = sourcecode.c.objc; path = STKCoreFoundationDataSource.m; sourceTree = "<group>"; };
		704977511B79029200B49E33 /* STKDataSource.h */ = {isa = PBXFileReference; fileEncoding = 4; lastKnownFileType = sourcecode.c.h; path = STKDataSource.h; sourceTree = "<group>"; };
		704977521B79029200B49E33 /* STKDataSource.m */ = {isa = PBXFileReference; fileEncoding = 4; lastKnownFileType = sourcecode.c.objc; path = STKDataSource.m; sourceTree = "<group>"; };
		704977531B79029200B49E33 /* STKDataSourceWrapper.h */ = {isa = PBXFileReference; fileEncoding = 4; lastKnownFileType = sourcecode.c.h; path = STKDataSourceWrapper.h; sourceTree = "<group>"; };
		704977541B79029200B49E33 /* STKDataSourceWrapper.m */ = {isa = PBXFileReference; fileEncoding = 4; lastKnownFileType = sourcecode.c.objc; path = STKDataSourceWrapper.m; sourceTree = "<group>"; };
		704977551B79029200B49E33 /* STKHTTPDataSource.h */ = {isa = PBXFileReference; fileEncoding = 4; lastKnownFileType = sourcecode.c.h; path = STKHTTPDataSource.h; sourceTree = "<group>"; };
		704977561B79029200B49E33 /* STKHTTPDataSource.m */ = {isa = PBXFileReference; fileEncoding = 4; lastKnownFileType = sourcecode.c.objc; path = STKHTTPDataSource.m; sourceTree = "<group>"; };
		704977571B79029200B49E33 /* STKLocalFileDataSource.h */ = {isa = PBXFileReference; fileEncoding = 4; lastKnownFileType = sourcecode.c.h; path = STKLocalFileDataSource.h; sourceTree = "<group>"; };
		704977581B79029200B49E33 /* STKLocalFileDataSource.m */ = {isa = PBXFileReference; fileEncoding = 4; lastKnownFileType = sourcecode.c.objc; path = STKLocalFileDataSource.m; sourceTree = "<group>"; };
		704977591B79029200B49E33 /* STKQueueEntry.h */ = {isa = PBXFileReference; fileEncoding = 4; lastKnownFileType = sourcecode.c.h; path = STKQueueEntry.h; sourceTree = "<group>"; };
		7049775A1B79029200B49E33 /* STKQueueEntry.m */ = {isa = PBXFileReference; fileEncoding = 4; lastKnownFileType = sourcecode.c.objc; path = STKQueueEntry.m; sourceTree = "<group>"; };
		70DC57641B78AD6F00A914B7 /* WebFS Manager.app */ = {isa = PBXFileReference; explicitFileType = wrapper.application; includeInIndex = 0; path = "WebFS Manager.app"; sourceTree = BUILT_PRODUCTS_DIR; };
		70DC57681B78AD6F00A914B7 /* Info.plist */ = {isa = PBXFileReference; lastKnownFileType = text.plist.xml; path = Info.plist; sourceTree = "<group>"; };
		70DC57691B78AD6F00A914B7 /* main.m */ = {isa = PBXFileReference; lastKnownFileType = sourcecode.c.objc; path = main.m; sourceTree = "<group>"; };
		70DC576B1B78AD6F00A914B7 /* AppDelegate.h */ = {isa = PBXFileReference; lastKnownFileType = sourcecode.c.h; path = AppDelegate.h; sourceTree = "<group>"; };
		70DC576C1B78AD6F00A914B7 /* AppDelegate.m */ = {isa = PBXFileReference; lastKnownFileType = sourcecode.c.objc; path = AppDelegate.m; sourceTree = "<group>"; };
		70DC57741B78AD6F00A914B7 /* Images.xcassets */ = {isa = PBXFileReference; lastKnownFileType = folder.assetcatalog; path = Images.xcassets; sourceTree = "<group>"; };
		70DC577D1B78AD6F00A914B7 /* WebFS ManagerTests.xctest */ = {isa = PBXFileReference; explicitFileType = wrapper.cfbundle; includeInIndex = 0; path = "WebFS ManagerTests.xctest"; sourceTree = BUILT_PRODUCTS_DIR; };
		70DC57821B78AD6F00A914B7 /* Info.plist */ = {isa = PBXFileReference; lastKnownFileType = text.plist.xml; path = Info.plist; sourceTree = "<group>"; };
		70DC57831B78AD6F00A914B7 /* WebFS_ManagerTests.m */ = {isa = PBXFileReference; lastKnownFileType = sourcecode.c.objc; path = WebFS_ManagerTests.m; sourceTree = "<group>"; };
		70E7916C1B78C54B00BB4896 /* ItemTableViewCell.h */ = {isa = PBXFileReference; fileEncoding = 4; lastKnownFileType = sourcecode.c.h; path = ItemTableViewCell.h; sourceTree = "<group>"; };
		70E7916D1B78C54B00BB4896 /* ItemTableViewCell.m */ = {isa = PBXFileReference; fileEncoding = 4; lastKnownFileType = sourcecode.c.objc; path = ItemTableViewCell.m; sourceTree = "<group>"; };
		70E7916F1B78C85400BB4896 /* ContentViewController.h */ = {isa = PBXFileReference; fileEncoding = 4; lastKnownFileType = sourcecode.c.h; path = ContentViewController.h; sourceTree = "<group>"; };
		70E791701B78C85400BB4896 /* ContentViewController.m */ = {isa = PBXFileReference; fileEncoding = 4; lastKnownFileType = sourcecode.c.objc; path = ContentViewController.m; sourceTree = "<group>"; };
		70E791781B78E36600BB4896 /* QuartzCore.framework */ = {isa = PBXFileReference; lastKnownFileType = wrapper.framework; name = QuartzCore.framework; path = System/Library/Frameworks/QuartzCore.framework; sourceTree = SDKROOT; };
		70E7917A1B78E37900BB4896 /* AVFoundation.framework */ = {isa = PBXFileReference; lastKnownFileType = wrapper.framework; name = AVFoundation.framework; path = System/Library/Frameworks/AVFoundation.framework; sourceTree = SDKROOT; };
		70E7917C1B78E38400BB4896 /* MediaPlayer.framework */ = {isa = PBXFileReference; lastKnownFileType = wrapper.framework; name = MediaPlayer.framework; path = System/Library/Frameworks/MediaPlayer.framework; sourceTree = SDKROOT; };
		70E7917E1B78E38B00BB4896 /* CoreGraphics.framework */ = {isa = PBXFileReference; lastKnownFileType = wrapper.framework; name = CoreGraphics.framework; path = System/Library/Frameworks/CoreGraphics.framework; sourceTree = SDKROOT; };
		70E791801B78E59300BB4896 /* MusicPlayerViewController.h */ = {isa = PBXFileReference; fileEncoding = 4; lastKnownFileType = sourcecode.c.h; path = MusicPlayerViewController.h; sourceTree = "<group>"; };
		70E791811B78E59300BB4896 /* MusicPlayerViewController.mm */ = {isa = PBXFileReference; fileEncoding = 4; lastKnownFileType = sourcecode.cpp.objcpp; path = MusicPlayerViewController.mm; sourceTree = "<group>"; };
		70E791831B78E5B700BB4896 /* VisualizerView.h */ = {isa = PBXFileReference; fileEncoding = 4; lastKnownFileType = sourcecode.c.h; path = VisualizerView.h; sourceTree = "<group>"; };
		70E791841B78E5B700BB4896 /* VisualizerView.mm */ = {isa = PBXFileReference; fileEncoding = 4; lastKnownFileType = sourcecode.cpp.objcpp; path = VisualizerView.mm; sourceTree = "<group>"; };
		70E791861B78E5D000BB4896 /* halo.png */ = {isa = PBXFileReference; lastKnownFileType = image.png; path = halo.png; sourceTree = "<group>"; };
		70E791881B78E89000BB4896 /* libc++.dylib */ = {isa = PBXFileReference; lastKnownFileType = "compiled.mach-o.dylib"; name = "libc++.dylib"; path = "usr/lib/libc++.dylib"; sourceTree = SDKROOT; };
		80304310752D16F23120F20F /* Pods.debug.xcconfig */ = {isa = PBXFileReference; includeInIndex = 1; lastKnownFileType = text.xcconfig; name = Pods.debug.xcconfig; path = "Pods/Target Support Files/Pods/Pods.debug.xcconfig"; sourceTree = "<group>"; };
/* End PBXFileReference section */

/* Begin PBXFrameworksBuildPhase section */
		70DC57611B78AD6F00A914B7 /* Frameworks */ = {
			isa = PBXFrameworksBuildPhase;
			buildActionMask = 2147483647;
			files = (
				70E791891B78E89000BB4896 /* libc++.dylib in Frameworks */,
				70E7917F1B78E38B00BB4896 /* CoreGraphics.framework in Frameworks */,
				70E7917D1B78E38400BB4896 /* MediaPlayer.framework in Frameworks */,
				70E7917B1B78E37900BB4896 /* AVFoundation.framework in Frameworks */,
				70E791791B78E36600BB4896 /* QuartzCore.framework in Frameworks */,
				425186E42093AEFE4ABD5010 /* libPods.a in Frameworks */,
			);
			runOnlyForDeploymentPostprocessing = 0;
		};
		70DC577A1B78AD6F00A914B7 /* Frameworks */ = {
			isa = PBXFrameworksBuildPhase;
			buildActionMask = 2147483647;
			files = (
			);
			runOnlyForDeploymentPostprocessing = 0;
		};
/* End PBXFrameworksBuildPhase section */

/* Begin PBXGroup section */
		704977481B79029200B49E33 /* StreamingKit */ = {
			isa = PBXGroup;
			children = (
				704977491B79029200B49E33 /* NSMutableArray+STKAudioPlayer.h */,
				7049774A1B79029200B49E33 /* NSMutableArray+STKAudioPlayer.m */,
				7049774B1B79029200B49E33 /* STKAudioPlayer.h */,
				7049774C1B79029200B49E33 /* STKAudioPlayer.m */,
				7049774D1B79029200B49E33 /* STKAutoRecoveringHTTPDataSource.h */,
				7049774E1B79029200B49E33 /* STKAutoRecoveringHTTPDataSource.m */,
				7049774F1B79029200B49E33 /* STKCoreFoundationDataSource.h */,
				704977501B79029200B49E33 /* STKCoreFoundationDataSource.m */,
				704977511B79029200B49E33 /* STKDataSource.h */,
				704977521B79029200B49E33 /* STKDataSource.m */,
				704977531B79029200B49E33 /* STKDataSourceWrapper.h */,
				704977541B79029200B49E33 /* STKDataSourceWrapper.m */,
				704977551B79029200B49E33 /* STKHTTPDataSource.h */,
				704977561B79029200B49E33 /* STKHTTPDataSource.m */,
				704977571B79029200B49E33 /* STKLocalFileDataSource.h */,
				704977581B79029200B49E33 /* STKLocalFileDataSource.m */,
				704977591B79029200B49E33 /* STKQueueEntry.h */,
				7049775A1B79029200B49E33 /* STKQueueEntry.m */,
			);
			path = StreamingKit;
			sourceTree = "<group>";
		};
		70DC575B1B78AD6F00A914B7 = {
			isa = PBXGroup;
			children = (
				70DC578D1B78AF3F00A914B7 /* Assets */,
				70DC578E1B78AF3F00A914B7 /* CustomClass */,
				70DC578F1B78AF3F00A914B7 /* NetworkManager */,
				70DC57901B78AF3F00A914B7 /* ViewControllers */,
				70DC57661B78AD6F00A914B7 /* WebFS Manager */,
				70DC57801B78AD6F00A914B7 /* WebFS ManagerTests */,
				70DC57651B78AD6F00A914B7 /* Products */,
				F1789A36C669A26D8542D398 /* Pods */,
				A85C84D1045BA6F025EC50AC /* Frameworks */,
			);
			sourceTree = "<group>";
		};
		70DC57651B78AD6F00A914B7 /* Products */ = {
			isa = PBXGroup;
			children = (
				70DC57641B78AD6F00A914B7 /* WebFS Manager.app */,
				70DC577D1B78AD6F00A914B7 /* WebFS ManagerTests.xctest */,
			);
			name = Products;
			sourceTree = "<group>";
		};
		70DC57661B78AD6F00A914B7 /* WebFS Manager */ = {
			isa = PBXGroup;
			children = (
				70DC576B1B78AD6F00A914B7 /* AppDelegate.h */,
				70DC576C1B78AD6F00A914B7 /* AppDelegate.m */,
				70DC57741B78AD6F00A914B7 /* Images.xcassets */,
				70DC57671B78AD6F00A914B7 /* Supporting Files */,
				704953511B78B18B00815819 /* WebFS-Manager-Prefix.pch */,
			);
			path = "WebFS Manager";
			sourceTree = "<group>";
		};
		70DC57671B78AD6F00A914B7 /* Supporting Files */ = {
			isa = PBXGroup;
			children = (
				70DC57681B78AD6F00A914B7 /* Info.plist */,
				70DC57691B78AD6F00A914B7 /* main.m */,
			);
			name = "Supporting Files";
			sourceTree = "<group>";
		};
		70DC57801B78AD6F00A914B7 /* WebFS ManagerTests */ = {
			isa = PBXGroup;
			children = (
				70DC57831B78AD6F00A914B7 /* WebFS_ManagerTests.m */,
				70DC57811B78AD6F00A914B7 /* Supporting Files */,
			);
			path = "WebFS ManagerTests";
			sourceTree = "<group>";
		};
		70DC57811B78AD6F00A914B7 /* Supporting Files */ = {
			isa = PBXGroup;
			children = (
				70DC57821B78AD6F00A914B7 /* Info.plist */,
			);
			name = "Supporting Files";
			sourceTree = "<group>";
		};
		70DC578D1B78AF3F00A914B7 /* Assets */ = {
			isa = PBXGroup;
			children = (
				70E791861B78E5D000BB4896 /* halo.png */,
			);
			path = Assets;
			sourceTree = "<group>";
		};
		70DC578E1B78AF3F00A914B7 /* CustomClass */ = {
			isa = PBXGroup;
			children = (
				704977481B79029200B49E33 /* StreamingKit */,
				70E791831B78E5B700BB4896 /* VisualizerView.h */,
				70E791841B78E5B700BB4896 /* VisualizerView.mm */,
				70E791741B78E2B300BB4896 /* MeterTable */,
				70E7916C1B78C54B00BB4896 /* ItemTableViewCell.h */,
				70E7916D1B78C54B00BB4896 /* ItemTableViewCell.m */,
			);
			path = CustomClass;
			sourceTree = "<group>";
		};
		70DC578F1B78AF3F00A914B7 /* NetworkManager */ = {
			isa = PBXGroup;
			children = (
				704953521B78B2AE00815819 /* WebFSManager.h */,
				704953531B78B2AE00815819 /* WebFSManager.m */,
			);
			path = NetworkManager;
			sourceTree = "<group>";
		};
		70DC57901B78AF3F00A914B7 /* ViewControllers */ = {
			isa = PBXGroup;
			children = (
				7049534E1B78B0C500815819 /* HomeViewController.h */,
				7049534F1B78B0C500815819 /* HomeViewController.m */,
				70E7916F1B78C85400BB4896 /* ContentViewController.h */,
				70E791701B78C85400BB4896 /* ContentViewController.m */,
				70E791801B78E59300BB4896 /* MusicPlayerViewController.h */,
				70E791811B78E59300BB4896 /* MusicPlayerViewController.mm */,
			);
			path = ViewControllers;
			sourceTree = "<group>";
		};
		70E791741B78E2B300BB4896 /* MeterTable */ = {
			isa = PBXGroup;
			children = (
				704977441B78EC4500B49E33 /* MeterTable.mm */,
				704977451B78EC4500B49E33 /* MeterTable.h */,
			);
			path = MeterTable;
			sourceTree = "<group>";
		};
		A85C84D1045BA6F025EC50AC /* Frameworks */ = {
			isa = PBXGroup;
			children = (
				70E791881B78E89000BB4896 /* libc++.dylib */,
				70E7917E1B78E38B00BB4896 /* CoreGraphics.framework */,
				70E7917C1B78E38400BB4896 /* MediaPlayer.framework */,
				70E7917A1B78E37900BB4896 /* AVFoundation.framework */,
				70E791781B78E36600BB4896 /* QuartzCore.framework */,
				01BABAE3A0E5597BEDA0F29E /* libPods.a */,
			);
			name = Frameworks;
			sourceTree = "<group>";
		};
		F1789A36C669A26D8542D398 /* Pods */ = {
			isa = PBXGroup;
			children = (
				80304310752D16F23120F20F /* Pods.debug.xcconfig */,
				655E93AE9EAC6E77907F8688 /* Pods.release.xcconfig */,
			);
			name = Pods;
			sourceTree = "<group>";
		};
/* End PBXGroup section */

/* Begin PBXNativeTarget section */
		70DC57631B78AD6F00A914B7 /* WebFS Manager */ = {
			isa = PBXNativeTarget;
			buildConfigurationList = 70DC57871B78AD6F00A914B7 /* Build configuration list for PBXNativeTarget "WebFS Manager" */;
			buildPhases = (
				2405027EEC03B04F12EF46DF /* Check Pods Manifest.lock */,
				70DC57601B78AD6F00A914B7 /* Sources */,
				70DC57611B78AD6F00A914B7 /* Frameworks */,
				70DC57621B78AD6F00A914B7 /* Resources */,
				FE72BF54B95908F4BF7FCC13 /* Copy Pods Resources */,
			);
			buildRules = (
			);
			dependencies = (
			);
			name = "WebFS Manager";
			productName = "WebFS Manager";
			productReference = 70DC57641B78AD6F00A914B7 /* WebFS Manager.app */;
			productType = "com.apple.product-type.application";
		};
		70DC577C1B78AD6F00A914B7 /* WebFS ManagerTests */ = {
			isa = PBXNativeTarget;
			buildConfigurationList = 70DC578A1B78AD6F00A914B7 /* Build configuration list for PBXNativeTarget "WebFS ManagerTests" */;
			buildPhases = (
				70DC57791B78AD6F00A914B7 /* Sources */,
				70DC577A1B78AD6F00A914B7 /* Frameworks */,
				70DC577B1B78AD6F00A914B7 /* Resources */,
			);
			buildRules = (
			);
			dependencies = (
				70DC577F1B78AD6F00A914B7 /* PBXTargetDependency */,
			);
			name = "WebFS ManagerTests";
			productName = "WebFS ManagerTests";
			productReference = 70DC577D1B78AD6F00A914B7 /* WebFS ManagerTests.xctest */;
			productType = "com.apple.product-type.bundle.unit-test";
		};
/* End PBXNativeTarget section */

/* Begin PBXProject section */
		70DC575C1B78AD6F00A914B7 /* Project object */ = {
			isa = PBXProject;
			attributes = {
				LastUpgradeCheck = 0640;
				ORGANIZATIONNAME = "Florian Coulon";
				TargetAttributes = {
					70DC57631B78AD6F00A914B7 = {
						CreatedOnToolsVersion = 6.4;
					};
					70DC577C1B78AD6F00A914B7 = {
						CreatedOnToolsVersion = 6.4;
						TestTargetID = 70DC57631B78AD6F00A914B7;
					};
				};
			};
			buildConfigurationList = 70DC575F1B78AD6F00A914B7 /* Build configuration list for PBXProject "WebFS Manager" */;
			compatibilityVersion = "Xcode 3.2";
			developmentRegion = English;
			hasScannedForEncodings = 0;
			knownRegions = (
				en,
				Base,
			);
			mainGroup = 70DC575B1B78AD6F00A914B7;
			productRefGroup = 70DC57651B78AD6F00A914B7 /* Products */;
			projectDirPath = "";
			projectRoot = "";
			targets = (
				70DC57631B78AD6F00A914B7 /* WebFS Manager */,
				70DC577C1B78AD6F00A914B7 /* WebFS ManagerTests */,
			);
		};
/* End PBXProject section */

/* Begin PBXResourcesBuildPhase section */
		70DC57621B78AD6F00A914B7 /* Resources */ = {
			isa = PBXResourcesBuildPhase;
			buildActionMask = 2147483647;
			files = (
				70DC57751B78AD6F00A914B7 /* Images.xcassets in Resources */,
				70E791871B78E5D000BB4896 /* halo.png in Resources */,
			);
			runOnlyForDeploymentPostprocessing = 0;
		};
		70DC577B1B78AD6F00A914B7 /* Resources */ = {
			isa = PBXResourcesBuildPhase;
			buildActionMask = 2147483647;
			files = (
			);
			runOnlyForDeploymentPostprocessing = 0;
		};
/* End PBXResourcesBuildPhase section */

/* Begin PBXShellScriptBuildPhase section */
		2405027EEC03B04F12EF46DF /* Check Pods Manifest.lock */ = {
			isa = PBXShellScriptBuildPhase;
			buildActionMask = 2147483647;
			files = (
			);
			inputPaths = (
			);
			name = "Check Pods Manifest.lock";
			outputPaths = (
			);
			runOnlyForDeploymentPostprocessing = 0;
			shellPath = /bin/sh;
			shellScript = "diff \"${PODS_ROOT}/../Podfile.lock\" \"${PODS_ROOT}/Manifest.lock\" > /dev/null\nif [[ $? != 0 ]] ; then\n    cat << EOM\nerror: The sandbox is not in sync with the Podfile.lock. Run 'pod install' or update your CocoaPods installation.\nEOM\n    exit 1\nfi\n";
			showEnvVarsInLog = 0;
		};
		FE72BF54B95908F4BF7FCC13 /* Copy Pods Resources */ = {
			isa = PBXShellScriptBuildPhase;
			buildActionMask = 2147483647;
			files = (
			);
			inputPaths = (
			);
			name = "Copy Pods Resources";
			outputPaths = (
			);
			runOnlyForDeploymentPostprocessing = 0;
			shellPath = /bin/sh;
			shellScript = "\"${SRCROOT}/Pods/Target Support Files/Pods/Pods-resources.sh\"\n";
			showEnvVarsInLog = 0;
		};
/* End PBXShellScriptBuildPhase section */

/* Begin PBXSourcesBuildPhase section */
		70DC57601B78AD6F00A914B7 /* Sources */ = {
			isa = PBXSourcesBuildPhase;
			buildActionMask = 2147483647;
			files = (
				704977611B79029200B49E33 /* STKDataSourceWrapper.m in Sources */,
				70DC576D1B78AD6F00A914B7 /* AppDelegate.m in Sources */,
				704977601B79029200B49E33 /* STKDataSource.m in Sources */,
				70DC576A1B78AD6F00A914B7 /* main.m in Sources */,
				70E791711B78C85400BB4896 /* ContentViewController.m in Sources */,
				70E791821B78E59300BB4896 /* MusicPlayerViewController.mm in Sources */,
				7049775C1B79029200B49E33 /* NSMutableArray+STKAudioPlayer.m in Sources */,
				70E791851B78E5B700BB4896 /* VisualizerView.mm in Sources */,
				704977631B79029200B49E33 /* STKLocalFileDataSource.m in Sources */,
				7049775E1B79029200B49E33 /* STKAutoRecoveringHTTPDataSource.m in Sources */,
				7049775F1B79029200B49E33 /* STKCoreFoundationDataSource.m in Sources */,
				704977461B78EC4500B49E33 /* MeterTable.mm in Sources */,
				704977621B79029200B49E33 /* STKHTTPDataSource.m in Sources */,
				70E7916E1B78C54B00BB4896 /* ItemTableViewCell.m in Sources */,
				7049775D1B79029200B49E33 /* STKAudioPlayer.m in Sources */,
				704953501B78B0C500815819 /* HomeViewController.m in Sources */,
				704953541B78B2AE00815819 /* WebFSManager.m in Sources */,
				704977641B79029200B49E33 /* STKQueueEntry.m in Sources */,
			);
			runOnlyForDeploymentPostprocessing = 0;
		};
		70DC57791B78AD6F00A914B7 /* Sources */ = {
			isa = PBXSourcesBuildPhase;
			buildActionMask = 2147483647;
			files = (
				70DC57841B78AD6F00A914B7 /* WebFS_ManagerTests.m in Sources */,
			);
			runOnlyForDeploymentPostprocessing = 0;
		};
/* End PBXSourcesBuildPhase section */

/* Begin PBXTargetDependency section */
		70DC577F1B78AD6F00A914B7 /* PBXTargetDependency */ = {
			isa = PBXTargetDependency;
			target = 70DC57631B78AD6F00A914B7 /* WebFS Manager */;
			targetProxy = 70DC577E1B78AD6F00A914B7 /* PBXContainerItemProxy */;
		};
/* End PBXTargetDependency section */

/* Begin XCBuildConfiguration section */
		70DC57851B78AD6F00A914B7 /* Debug */ = {
			isa = XCBuildConfiguration;
			buildSettings = {
				ALWAYS_SEARCH_USER_PATHS = NO;
				CLANG_CXX_LANGUAGE_STANDARD = "gnu++0x";
				CLANG_CXX_LIBRARY = "libc++";
				CLANG_ENABLE_MODULES = YES;
				CLANG_ENABLE_OBJC_ARC = YES;
				CLANG_WARN_BOOL_CONVERSION = YES;
				CLANG_WARN_CONSTANT_CONVERSION = YES;
				CLANG_WARN_DIRECT_OBJC_ISA_USAGE = YES_ERROR;
				CLANG_WARN_EMPTY_BODY = YES;
				CLANG_WARN_ENUM_CONVERSION = YES;
				CLANG_WARN_INT_CONVERSION = YES;
				CLANG_WARN_OBJC_ROOT_CLASS = YES_ERROR;
				CLANG_WARN_UNREACHABLE_CODE = YES;
				CLANG_WARN__DUPLICATE_METHOD_MATCH = YES;
				"CODE_SIGN_IDENTITY[sdk=iphoneos*]" = "iPhone Developer";
				COPY_PHASE_STRIP = NO;
				DEBUG_INFORMATION_FORMAT = "dwarf-with-dsym";
				ENABLE_STRICT_OBJC_MSGSEND = YES;
				GCC_C_LANGUAGE_STANDARD = gnu99;
				GCC_DYNAMIC_NO_PIC = NO;
				GCC_NO_COMMON_BLOCKS = YES;
				GCC_OPTIMIZATION_LEVEL = 0;
				GCC_PREPROCESSOR_DEFINITIONS = (
					"DEBUG=1",
					"$(inherited)",
				);
				GCC_SYMBOLS_PRIVATE_EXTERN = NO;
				GCC_WARN_64_TO_32_BIT_CONVERSION = YES;
				GCC_WARN_ABOUT_RETURN_TYPE = YES_ERROR;
				GCC_WARN_UNDECLARED_SELECTOR = YES;
				GCC_WARN_UNINITIALIZED_AUTOS = YES_AGGRESSIVE;
				GCC_WARN_UNUSED_FUNCTION = YES;
				GCC_WARN_UNUSED_VARIABLE = YES;
				IPHONEOS_DEPLOYMENT_TARGET = 8.4;
				MTL_ENABLE_DEBUG_INFO = YES;
				ONLY_ACTIVE_ARCH = YES;
				SDKROOT = iphoneos;
			};
			name = Debug;
		};
		70DC57861B78AD6F00A914B7 /* Release */ = {
			isa = XCBuildConfiguration;
			buildSettings = {
				ALWAYS_SEARCH_USER_PATHS = NO;
				CLANG_CXX_LANGUAGE_STANDARD = "gnu++0x";
				CLANG_CXX_LIBRARY = "libc++";
				CLANG_ENABLE_MODULES = YES;
				CLANG_ENABLE_OBJC_ARC = YES;
				CLANG_WARN_BOOL_CONVERSION = YES;
				CLANG_WARN_CONSTANT_CONVERSION = YES;
				CLANG_WARN_DIRECT_OBJC_ISA_USAGE = YES_ERROR;
				CLANG_WARN_EMPTY_BODY = YES;
				CLANG_WARN_ENUM_CONVERSION = YES;
				CLANG_WARN_INT_CONVERSION = YES;
				CLANG_WARN_OBJC_ROOT_CLASS = YES_ERROR;
				CLANG_WARN_UNREACHABLE_CODE = YES;
				CLANG_WARN__DUPLICATE_METHOD_MATCH = YES;
				"CODE_SIGN_IDENTITY[sdk=iphoneos*]" = "iPhone Developer";
				COPY_PHASE_STRIP = NO;
				DEBUG_INFORMATION_FORMAT = "dwarf-with-dsym";
				ENABLE_NS_ASSERTIONS = NO;
				ENABLE_STRICT_OBJC_MSGSEND = YES;
				GCC_C_LANGUAGE_STANDARD = gnu99;
				GCC_NO_COMMON_BLOCKS = YES;
				GCC_WARN_64_TO_32_BIT_CONVERSION = YES;
				GCC_WARN_ABOUT_RETURN_TYPE = YES_ERROR;
				GCC_WARN_UNDECLARED_SELECTOR = YES;
				GCC_WARN_UNINITIALIZED_AUTOS = YES_AGGRESSIVE;
				GCC_WARN_UNUSED_FUNCTION = YES;
				GCC_WARN_UNUSED_VARIABLE = YES;
				IPHONEOS_DEPLOYMENT_TARGET = 8.4;
				MTL_ENABLE_DEBUG_INFO = NO;
				SDKROOT = iphoneos;
				VALIDATE_PRODUCT = YES;
			};
			name = Release;
		};
		70DC57881B78AD6F00A914B7 /* Debug */ = {
			isa = XCBuildConfiguration;
			baseConfigurationReference = 80304310752D16F23120F20F /* Pods.debug.xcconfig */;
			buildSettings = {
				ASSETCATALOG_COMPILER_APPICON_NAME = AppIcon;
				ASSETCATALOG_COMPILER_LAUNCHIMAGE_NAME = LaunchImage;
				CODE_SIGN_IDENTITY = "iPhone Developer";
				GCC_PREFIX_HEADER = "WebFS Manager/WebFS-Manager-Prefix.pch";
				INFOPLIST_FILE = "WebFS Manager/Info.plist";
				LD_RUNPATH_SEARCH_PATHS = "$(inherited) @executable_path/Frameworks";
				PRODUCT_NAME = "$(TARGET_NAME)";
			};
			name = Debug;
		};
		70DC57891B78AD6F00A914B7 /* Release */ = {
			isa = XCBuildConfiguration;
			baseConfigurationReference = 655E93AE9EAC6E77907F8688 /* Pods.release.xcconfig */;
			buildSettings = {
				ASSETCATALOG_COMPILER_APPICON_NAME = AppIcon;
				ASSETCATALOG_COMPILER_LAUNCHIMAGE_NAME = LaunchImage;
				CODE_SIGN_IDENTITY = "iPhone Developer";
				GCC_PREFIX_HEADER = "WebFS Manager/WebFS-Manager-Prefix.pch";
				INFOPLIST_FILE = "WebFS Manager/Info.plist";
				LD_RUNPATH_SEARCH_PATHS = "$(inherited) @executable_path/Frameworks";
				PRODUCT_NAME = "$(TARGET_NAME)";
			};
			name = Release;
		};
		70DC578B1B78AD6F00A914B7 /* Debug */ = {
			isa = XCBuildConfiguration;
			buildSettings = {
				BUNDLE_LOADER = "$(TEST_HOST)";
				FRAMEWORK_SEARCH_PATHS = (
					"$(SDKROOT)/Developer/Library/Frameworks",
					"$(inherited)",
				);
				GCC_PREPROCESSOR_DEFINITIONS = (
					"DEBUG=1",
					"$(inherited)",
				);
				INFOPLIST_FILE = "WebFS ManagerTests/Info.plist";
				LD_RUNPATH_SEARCH_PATHS = "$(inherited) @executable_path/Frameworks @loader_path/Frameworks";
				PRODUCT_NAME = "$(TARGET_NAME)";
				TEST_HOST = "$(BUILT_PRODUCTS_DIR)/WebFS Manager.app/WebFS Manager";
			};
			name = Debug;
		};
		70DC578C1B78AD6F00A914B7 /* Release */ = {
			isa = XCBuildConfiguration;
			buildSettings = {
				BUNDLE_LOADER = "$(TEST_HOST)";
				FRAMEWORK_SEARCH_PATHS = (
					"$(SDKROOT)/Developer/Library/Frameworks",
					"$(inherited)",
				);
				INFOPLIST_FILE = "WebFS ManagerTests/Info.plist";
				LD_RUNPATH_SEARCH_PATHS = "$(inherited) @executable_path/Frameworks @loader_path/Frameworks";
				PRODUCT_NAME = "$(TARGET_NAME)";
				TEST_HOST = "$(BUILT_PRODUCTS_DIR)/WebFS Manager.app/WebFS Manager";
			};
			name = Release;
		};
/* End XCBuildConfiguration section */

/* Begin XCConfigurationList section */
		70DC575F1B78AD6F00A914B7 /* Build configuration list for PBXProject "WebFS Manager" */ = {
			isa = XCConfigurationList;
			buildConfigurations = (
				70DC57851B78AD6F00A914B7 /* Debug */,
				70DC57861B78AD6F00A914B7 /* Release */,
			);
			defaultConfigurationIsVisible = 0;
			defaultConfigurationName = Release;
		};
		70DC57871B78AD6F00A914B7 /* Build configuration list for PBXNativeTarget "WebFS Manager" */ = {
			isa = XCConfigurationList;
			buildConfigurations = (
				70DC57881B78AD6F00A914B7 /* Debug */,
				70DC57891B78AD6F00A914B7 /* Release */,
			);
			defaultConfigurationIsVisible = 0;
			defaultConfigurationName = Release;
		};
		70DC578A1B78AD6F00A914B7 /* Build configuration list for PBXNativeTarget "WebFS ManagerTests" */ = {
			isa = XCConfigurationList;
			buildConfigurations = (
				70DC578B1B78AD6F00A914B7 /* Debug */,
				70DC578C1B78AD6F00A914B7 /* Release */,
			);
			defaultConfigurationIsVisible = 0;
			defaultConfigurationName = Release;
		};
/* End XCConfigurationList section */
	};
	rootObject = 70DC575C1B78AD6F00A914B7 /* Project object */;
}
